
Microsoft Visual Studio Solution File, Format Version 12.00
# Visual Studio 15
VisualStudioVersion = 15.0.28307.572
MinimumVisualStudioVersion = 10.0.40219.1
Project("{8BC9CEB8-8B4A-11D0-8D11-00A0C91BC942}") = "CGAlgorithm", "CGAlgorithm\CGAlgorithm.vcxproj", "{D457C3C1-25DE-4651-AE96-10666B074872}"
EndProject
Global
	GlobalSection(SolutionConfigurationPlatforms) = preSolution
		Debug|x64 = Debug|x64
		Debug|x86 = Debug|x86
		Release|x64 = Release|x64
		Release|x86 = Release|x86
	EndGlobalSection
	GlobalSection(ProjectConfigurationPlatforms) = postSolution
		{D457C3C1-25DE-4651-AE96-10666B074872}.Debug|x64.ActiveCfg = Debug|x64
		{D457C3C1-25DE-4651-AE96-10666B074872}.Debug|x64.Build.0 = Debug|x64
		{D457C3C1-25DE-4651-AE96-10666B074872}.Debug|x86.ActiveCfg = Debug|Win32
		{D457C3C1-25DE-4651-AE96-10666B074872}.Debug|x86.Build.0 = Debug|Win32
		{D457C3C1-25DE-4651-AE96-10666B074872}.Release|x64.ActiveCfg = Release|x64
		{D457C3C1-25DE-4651-AE96-10666B074872}.Release|x64.Build.0 = Release|x64
		{D457C3C1-25DE-4651-AE96-10666B074872}.Release|x86.ActiveCfg = Release|Win32
		{D457C3C1-25DE-4651-AE96-10666B074872}.Release|x86.Build.0 = Release|Win32
	EndGlobalSection
	GlobalSection(SolutionProperties) = preSolution
		HideSolutionNode = FALSE
	EndGlobalSection
	GlobalSection(ExtensibilityGlobals) = postSolution
		SolutionGuid = {0E2054B6-A048-48D7-BFA2-641E745B4637}
	EndGlobalSection
EndGlobal
